
Microsoft Visual Studio Solution File, Format Version 12.00
# Visual Studio Version 17
VisualStudioVersion = 17.10.35122.118
MinimumVisualStudioVersion = 10.0.40219.1
Project("{F184B08F-C81C-45F6-A57F-5ABD9991F28F}") = "wellmeadows", "wellmeadows\wellmeadows.vbproj", "{FCF19ED9-AC88-4188-A1DC-324BE9AFFF0F}"
EndProject
Global
	GlobalSection(SolutionConfigurationPlatforms) = preSolution
		Debug|Any CPU = Debug|Any CPU
		Release|Any CPU = Release|Any CPU
	EndGlobalSection
	GlobalSection(ProjectConfigurationPlatforms) = postSolution
		{FCF19ED9-AC88-4188-A1DC-324BE9AFFF0F}.Debug|Any CPU.ActiveCfg = Debug|Any CPU
		{FCF19ED9-AC88-4188-A1DC-324BE9AFFF0F}.Debug|Any CPU.Build.0 = Debug|Any CPU
		{FCF19ED9-AC88-4188-A1DC-324BE9AFFF0F}.Release|Any CPU.ActiveCfg = Release|Any CPU
		{FCF19ED9-AC88-4188-A1DC-324BE9AFFF0F}.Release|Any CPU.Build.0 = Release|Any CPU
	EndGlobalSection
	GlobalSection(SolutionProperties) = preSolution
		HideSolutionNode = FALSE
	EndGlobalSection
	GlobalSection(ExtensibilityGlobals) = postSolution
		SolutionGuid = {61F00B5C-4139-4C51-BC90-98965D5DC764}
	EndGlobalSection
EndGlobal
